// !$*UTF8*$!
{
	archiveVersion = 1;
	classes = {
	};
	objectVersion = 52;
	objects = {

/* Begin PBXBuildFile section */
		7A101BD3248A66130009191E /* CustomTableViewCell.swift in Sources */ = {isa = PBXBuildFile; fileRef = 7A101BD2248A66130009191E /* CustomTableViewCell.swift */; };
		7A175BFD249A9C9800F68225 /* Assets.xcassets in Resources */ = {isa = PBXBuildFile; fileRef = 7A175BFC249A9C9700F68225 /* Assets.xcassets */; };
		7A2817E32487BEEB001EC07C /* AppDelegate.swift in Sources */ = {isa = PBXBuildFile; fileRef = 7A2817E22487BEEB001EC07C /* AppDelegate.swift */; };
		7A2817E52487BEEB001EC07C /* SceneDelegate.swift in Sources */ = {isa = PBXBuildFile; fileRef = 7A2817E42487BEEB001EC07C /* SceneDelegate.swift */; };
		7A2817EA2487BEEB001EC07C /* Main.storyboard in Resources */ = {isa = PBXBuildFile; fileRef = 7A2817E82487BEEB001EC07C /* Main.storyboard */; };
		7A2817EF2487BEEC001EC07C /* LaunchScreen.storyboard in Resources */ = {isa = PBXBuildFile; fileRef = 7A2817ED2487BEEC001EC07C /* LaunchScreen.storyboard */; };
		7A7AD38E24884E21006AE3FE /* MainViewController.swift in Sources */ = {isa = PBXBuildFile; fileRef = 7A7AD38D24884E21006AE3FE /* MainViewController.swift */; };
		7A8A2BB3249F2C4D007B4488 /* MapManager.swift in Sources */ = {isa = PBXBuildFile; fileRef = 7A8A2BB2249F2C4D007B4488 /* MapManager.swift */; };
		7A9B7146248E761600CF5025 /* NewPlaceViewController.swift in Sources */ = {isa = PBXBuildFile; fileRef = 7A9B7145248E761600CF5025 /* NewPlaceViewController.swift */; };
		7AC02A8D248AEEFA008E905A /* PlaceModel.swift in Sources */ = {isa = PBXBuildFile; fileRef = 7AC02A8C248AEEFA008E905A /* PlaceModel.swift */; };
		7ADEE5EB2498B54E0087712D /* MapViewController.swift in Sources */ = {isa = PBXBuildFile; fileRef = 7ADEE5EA2498B54E0087712D /* MapViewController.swift */; };
		7AEAA14324923C0A00A20FC7 /* StorageManager.swift in Sources */ = {isa = PBXBuildFile; fileRef = 7AEAA14224923C0A00A20FC7 /* StorageManager.swift */; };
		CFA0926A6CAABEF237E18D5F /* Pods_UITableApp.framework in Frameworks */ = {isa = PBXBuildFile; fileRef = 82BE0EFA54D56F8371842CAC /* Pods_UITableApp.framework */; };
/* End PBXBuildFile section */

/* Begin PBXFileReference section */
		1DBA1219A0B53E48BA2E6B79 /* Pods-UITableApp.debug.xcconfig */ = {isa = PBXFileReference; includeInIndex = 1; lastKnownFileType = text.xcconfig; name = "Pods-UITableApp.debug.xcconfig"; path = "Target Support Files/Pods-UITableApp/Pods-UITableApp.debug.xcconfig"; sourceTree = "<group>"; };
		7A101BD2248A66130009191E /* CustomTableViewCell.swift */ = {isa = PBXFileReference; lastKnownFileType = sourcecode.swift; path = CustomTableViewCell.swift; sourceTree = "<group>"; };
		7A175BFC249A9C9700F68225 /* Assets.xcassets */ = {isa = PBXFileReference; lastKnownFileType = folder.assetcatalog; name = Assets.xcassets; path = "UITableApp/Support Files/Assets.xcassets"; sourceTree = SOURCE_ROOT; };
		7A2817DF2487BEEB001EC07C /* UITableApp.app */ = {isa = PBXFileReference; explicitFileType = wrapper.application; includeInIndex = 0; path = UITableApp.app; sourceTree = BUILT_PRODUCTS_DIR; };
		7A2817E22487BEEB001EC07C /* AppDelegate.swift */ = {isa = PBXFileReference; lastKnownFileType = sourcecode.swift; path = AppDelegate.swift; sourceTree = "<group>"; };
		7A2817E42487BEEB001EC07C /* SceneDelegate.swift */ = {isa = PBXFileReference; lastKnownFileType = sourcecode.swift; path = SceneDelegate.swift; sourceTree = "<group>"; };
		7A2817E92487BEEB001EC07C /* Base */ = {isa = PBXFileReference; lastKnownFileType = file.storyboard; name = Base; path = Base.lproj/Main.storyboard; sourceTree = "<group>"; };
		7A2817EE2487BEEC001EC07C /* Base */ = {isa = PBXFileReference; lastKnownFileType = file.storyboard; name = Base; path = Base.lproj/LaunchScreen.storyboard; sourceTree = "<group>"; };
		7A2817F02487BEEC001EC07C /* Info.plist */ = {isa = PBXFileReference; lastKnownFileType = text.plist.xml; path = Info.plist; sourceTree = "<group>"; };
		7A2D2A47249EA15400CFD553 /* en */ = {isa = PBXFileReference; lastKnownFileType = text.plist.strings; name = en; path = en.lproj/Main.strings; sourceTree = "<group>"; };
		7A7AD38D24884E21006AE3FE /* MainViewController.swift */ = {isa = PBXFileReference; lastKnownFileType = sourcecode.swift; path = MainViewController.swift; sourceTree = "<group>"; };
		7A8A2BB2249F2C4D007B4488 /* MapManager.swift */ = {isa = PBXFileReference; lastKnownFileType = sourcecode.swift; path = MapManager.swift; sourceTree = "<group>"; };
		7A9B7145248E761600CF5025 /* NewPlaceViewController.swift */ = {isa = PBXFileReference; lastKnownFileType = sourcecode.swift; path = NewPlaceViewController.swift; sourceTree = "<group>"; };
		7AC02A8C248AEEFA008E905A /* PlaceModel.swift */ = {isa = PBXFileReference; lastKnownFileType = sourcecode.swift; path = PlaceModel.swift; sourceTree = "<group>"; };
		7ADEE5EA2498B54E0087712D /* MapViewController.swift */ = {isa = PBXFileReference; lastKnownFileType = sourcecode.swift; path = MapViewController.swift; sourceTree = "<group>"; };
		7AEAA14224923C0A00A20FC7 /* StorageManager.swift */ = {isa = PBXFileReference; lastKnownFileType = sourcecode.swift; path = StorageManager.swift; sourceTree = "<group>"; };
		82BE0EFA54D56F8371842CAC /* Pods_UITableApp.framework */ = {isa = PBXFileReference; explicitFileType = wrapper.framework; includeInIndex = 0; path = Pods_UITableApp.framework; sourceTree = BUILT_PRODUCTS_DIR; };
		D4A5F53EA0C1D36BFE1AD0D8 /* Pods-UITableApp.release.xcconfig */ = {isa = PBXFileReference; includeInIndex = 1; lastKnownFileType = text.xcconfig; name = "Pods-UITableApp.release.xcconfig"; path = "Target Support Files/Pods-UITableApp/Pods-UITableApp.release.xcconfig"; sourceTree = "<group>"; };
/* End PBXFileReference section */

/* Begin PBXFrameworksBuildPhase section */
		7A2817DC2487BEEB001EC07C /* Frameworks */ = {
			isa = PBXFrameworksBuildPhase;
			buildActionMask = 2147483647;
			files = (
				CFA0926A6CAABEF237E18D5F /* Pods_UITableApp.framework in Frameworks */,
			);
			runOnlyForDeploymentPostprocessing = 0;
		};
/* End PBXFrameworksBuildPhase section */

/* Begin PBXGroup section */
		7A2817D62487BEEB001EC07C = {
			isa = PBXGroup;
			children = (
				7A2817E12487BEEB001EC07C /* UITableApp */,
				7A2817E02487BEEB001EC07C /* Products */,
				D52EA750D2BD530BDF5CDED6 /* Pods */,
				E7C3B28CE24023969B182E4C /* Frameworks */,
			);
			sourceTree = "<group>";
		};
		7A2817E02487BEEB001EC07C /* Products */ = {
			isa = PBXGroup;
			children = (
				7A2817DF2487BEEB001EC07C /* UITableApp.app */,
			);
			name = Products;
			sourceTree = "<group>";
		};
		7A2817E12487BEEB001EC07C /* UITableApp */ = {
			isa = PBXGroup;
			children = (
				7A2817F02487BEEC001EC07C /* Info.plist */,
				7AAB3E1724A091E900EE361C /* ViewControllers */,
				7AAB3E1924A092AD00EE361C /* Helpers */,
				7AAB3E1824A0923500EE361C /* Models */,
				7AAB3E1A24A092E900EE361C /* Support Files */,
				7AAB3E1B24A0935D00EE361C /* InterfaceBuilder */,
			);
			path = UITableApp;
			sourceTree = "<group>";
		};
		7AAB3E1724A091E900EE361C /* ViewControllers */ = {
			isa = PBXGroup;
			children = (
				7A7AD38D24884E21006AE3FE /* MainViewController.swift */,
				7ADEE5EA2498B54E0087712D /* MapViewController.swift */,
				7A9B7145248E761600CF5025 /* NewPlaceViewController.swift */,
				7A101BD2248A66130009191E /* CustomTableViewCell.swift */,
			);
			path = ViewControllers;
			sourceTree = "<group>";
		};
		7AAB3E1824A0923500EE361C /* Models */ = {
			isa = PBXGroup;
			children = (
				7AC02A8C248AEEFA008E905A /* PlaceModel.swift */,
			);
			path = Models;
			sourceTree = "<group>";
		};
		7AAB3E1924A092AD00EE361C /* Helpers */ = {
			isa = PBXGroup;
			children = (
				7A8A2BB2249F2C4D007B4488 /* MapManager.swift */,
				7AEAA14224923C0A00A20FC7 /* StorageManager.swift */,
			);
			path = Helpers;
			sourceTree = "<group>";
		};
		7AAB3E1A24A092E900EE361C /* Support Files */ = {
			isa = PBXGroup;
			children = (
				7A2817E22487BEEB001EC07C /* AppDelegate.swift */,
				7A175BFC249A9C9700F68225 /* Assets.xcassets */,
				7A2817E42487BEEB001EC07C /* SceneDelegate.swift */,
			);
			path = "Support Files";
			sourceTree = "<group>";
		};
		7AAB3E1B24A0935D00EE361C /* InterfaceBuilder */ = {
			isa = PBXGroup;
			children = (
				7A2817ED2487BEEC001EC07C /* LaunchScreen.storyboard */,
				7A2817E82487BEEB001EC07C /* Main.storyboard */,
			);
			path = InterfaceBuilder;
			sourceTree = "<group>";
		};
		D52EA750D2BD530BDF5CDED6 /* Pods */ = {
			isa = PBXGroup;
			children = (
				1DBA1219A0B53E48BA2E6B79 /* Pods-UITableApp.debug.xcconfig */,
				D4A5F53EA0C1D36BFE1AD0D8 /* Pods-UITableApp.release.xcconfig */,
			);
			path = Pods;
			sourceTree = "<group>";
		};
		E7C3B28CE24023969B182E4C /* Frameworks */ = {
			isa = PBXGroup;
			children = (
				82BE0EFA54D56F8371842CAC /* Pods_UITableApp.framework */,
			);
			name = Frameworks;
			sourceTree = "<group>";
		};
/* End PBXGroup section */

/* Begin PBXNativeTarget section */
		7A2817DE2487BEEB001EC07C /* UITableApp */ = {
			isa = PBXNativeTarget;
			buildConfigurationList = 7A2817F32487BEEC001EC07C /* Build configuration list for PBXNativeTarget "UITableApp" */;
			buildPhases = (
				4CCA713E1E763C2821AC0016 /* [CP] Check Pods Manifest.lock */,
				7A2817DB2487BEEB001EC07C /* Sources */,
				7A2817DC2487BEEB001EC07C /* Frameworks */,
				7A2817DD2487BEEB001EC07C /* Resources */,
				4276B0A76F08752BE051A50D /* [CP] Embed Pods Frameworks */,
			);
			buildRules = (
			);
			dependencies = (
			);
			name = UITableApp;
			productName = UITableApp;
			productReference = 7A2817DF2487BEEB001EC07C /* UITableApp.app */;
			productType = "com.apple.product-type.application";
		};
/* End PBXNativeTarget section */

/* Begin PBXProject section */
		7A2817D72487BEEB001EC07C /* Project object */ = {
			isa = PBXProject;
			attributes = {
				LastSwiftUpdateCheck = 1120;
				LastUpgradeCheck = 1120;
				ORGANIZATIONNAME = yurik;
				TargetAttributes = {
					7A2817DE2487BEEB001EC07C = {
						CreatedOnToolsVersion = 11.2.1;
					};
				};
			};
			buildConfigurationList = 7A2817DA2487BEEB001EC07C /* Build configuration list for PBXProject "UITableApp" */;
			compatibilityVersion = "Xcode 11.0";
			developmentRegion = en;
			hasScannedForEncodings = 0;
			knownRegions = (
				en,
				Base,
			);
			mainGroup = 7A2817D62487BEEB001EC07C;
			productRefGroup = 7A2817E02487BEEB001EC07C /* Products */;
			projectDirPath = "";
			projectRoot = "";
			targets = (
				7A2817DE2487BEEB001EC07C /* UITableApp */,
			);
		};
/* End PBXProject section */

/* Begin PBXResourcesBuildPhase section */
		7A2817DD2487BEEB001EC07C /* Resources */ = {
			isa = PBXResourcesBuildPhase;
			buildActionMask = 2147483647;
			files = (
				7A2817EF2487BEEC001EC07C /* LaunchScreen.storyboard in Resources */,
				7A175BFD249A9C9800F68225 /* Assets.xcassets in Resources */,
				7A2817EA2487BEEB001EC07C /* Main.storyboard in Resources */,
			);
			runOnlyForDeploymentPostprocessing = 0;
		};
/* End PBXResourcesBuildPhase section */

/* Begin PBXShellScriptBuildPhase section */
		4276B0A76F08752BE051A50D /* [CP] Embed Pods Frameworks */ = {
			isa = PBXShellScriptBuildPhase;
			buildActionMask = 2147483647;
			files = (
			);
			inputFileListPaths = (
				"${PODS_ROOT}/Target Support Files/Pods-UITableApp/Pods-UITableApp-frameworks-${CONFIGURATION}-input-files.xcfilelist",
			);
			name = "[CP] Embed Pods Frameworks";
			outputFileListPaths = (
				"${PODS_ROOT}/Target Support Files/Pods-UITableApp/Pods-UITableApp-frameworks-${CONFIGURATION}-output-files.xcfilelist",
			);
			runOnlyForDeploymentPostprocessing = 0;
			shellPath = /bin/sh;
			shellScript = "\"${PODS_ROOT}/Target Support Files/Pods-UITableApp/Pods-UITableApp-frameworks.sh\"\n";
			showEnvVarsInLog = 0;
		};
		4CCA713E1E763C2821AC0016 /* [CP] Check Pods Manifest.lock */ = {
			isa = PBXShellScriptBuildPhase;
			buildActionMask = 2147483647;
			files = (
			);
			inputFileListPaths = (
			);
			inputPaths = (
				"${PODS_PODFILE_DIR_PATH}/Podfile.lock",
				"${PODS_ROOT}/Manifest.lock",
			);
			name = "[CP] Check Pods Manifest.lock";
			outputFileListPaths = (
			);
			outputPaths = (
				"$(DERIVED_FILE_DIR)/Pods-UITableApp-checkManifestLockResult.txt",
			);
			runOnlyForDeploymentPostprocessing = 0;
			shellPath = /bin/sh;
			shellScript = "diff \"${PODS_PODFILE_DIR_PATH}/Podfile.lock\" \"${PODS_ROOT}/Manifest.lock\" > /dev/null\nif [ $? != 0 ] ; then\n    # print error to STDERR\n    echo \"error: The sandbox is not in sync with the Podfile.lock. Run 'pod install' or update your CocoaPods installation.\" >&2\n    exit 1\nfi\n# This output is used by Xcode 'outputs' to avoid re-running this script phase.\necho \"SUCCESS\" > \"${SCRIPT_OUTPUT_FILE_0}\"\n";
			showEnvVarsInLog = 0;
		};
/* End PBXShellScriptBuildPhase section */

/* Begin PBXSourcesBuildPhase section */
		7A2817DB2487BEEB001EC07C /* Sources */ = {
			isa = PBXSourcesBuildPhase;
			buildActionMask = 2147483647;
			files = (
				7A7AD38E24884E21006AE3FE /* MainViewController.swift in Sources */,
				7A9B7146248E761600CF5025 /* NewPlaceViewController.swift in Sources */,
				7A2817E32487BEEB001EC07C /* AppDelegate.swift in Sources */,
				7AEAA14324923C0A00A20FC7 /* StorageManager.swift in Sources */,
				7A8A2BB3249F2C4D007B4488 /* MapManager.swift in Sources */,
				7AC02A8D248AEEFA008E905A /* PlaceModel.swift in Sources */,
				7A101BD3248A66130009191E /* CustomTableViewCell.swift in Sources */,
				7A2817E52487BEEB001EC07C /* SceneDelegate.swift in Sources */,
				7ADEE5EB2498B54E0087712D /* MapViewController.swift in Sources */,
			);
			runOnlyForDeploymentPostprocessing = 0;
		};
/* End PBXSourcesBuildPhase section */

/* Begin PBXVariantGroup section */
		7A2817E82487BEEB001EC07C /* Main.storyboard */ = {
			isa = PBXVariantGroup;
			children = (
				7A2817E92487BEEB001EC07C /* Base */,
				7A2D2A47249EA15400CFD553 /* en */,
			);
			name = Main.storyboard;
			sourceTree = "<group>";
		};
		7A2817ED2487BEEC001EC07C /* LaunchScreen.storyboard */ = {
			isa = PBXVariantGroup;
			children = (
				7A2817EE2487BEEC001EC07C /* Base */,
			);
			name = LaunchScreen.storyboard;
			sourceTree = "<group>";
		};
/* End PBXVariantGroup section */

/* Begin XCBuildConfiguration section */
		7A2817F12487BEEC001EC07C /* Debug */ = {
			isa = XCBuildConfiguration;
			buildSettings = {
				ALWAYS_SEARCH_USER_PATHS = NO;
				CLANG_ANALYZER_NONNULL = YES;
				CLANG_ANALYZER_NUMBER_OBJECT_CONVERSION = YES_AGGRESSIVE;
				CLANG_CXX_LANGUAGE_STANDARD = "gnu++14";
				CLANG_CXX_LIBRARY = "libc++";
				CLANG_ENABLE_MODULES = YES;
				CLANG_ENABLE_OBJC_ARC = YES;
				CLANG_ENABLE_OBJC_WEAK = YES;
				CLANG_WARN_BLOCK_CAPTURE_AUTORELEASING = YES;
				CLANG_WARN_BOOL_CONVERSION = YES;
				CLANG_WARN_COMMA = YES;
				CLANG_WARN_CONSTANT_CONVERSION = YES;
				CLANG_WARN_DEPRECATED_OBJC_IMPLEMENTATIONS = YES;
				CLANG_WARN_DIRECT_OBJC_ISA_USAGE = YES_ERROR;
				CLANG_WARN_DOCUMENTATION_COMMENTS = YES;
				CLANG_WARN_EMPTY_BODY = YES;
				CLANG_WARN_ENUM_CONVERSION = YES;
				CLANG_WARN_INFINITE_RECURSION = YES;
				CLANG_WARN_INT_CONVERSION = YES;
				CLANG_WARN_NON_LITERAL_NULL_CONVERSION = YES;
				CLANG_WARN_OBJC_IMPLICIT_RETAIN_SELF = YES;
				CLANG_WARN_OBJC_LITERAL_CONVERSION = YES;
				CLANG_WARN_OBJC_ROOT_CLASS = YES_ERROR;
				CLANG_WARN_RANGE_LOOP_ANALYSIS = YES;
				CLANG_WARN_STRICT_PROTOTYPES = YES;
				CLANG_WARN_SUSPICIOUS_MOVE = YES;
				CLANG_WARN_UNGUARDED_AVAILABILITY = YES_AGGRESSIVE;
				CLANG_WARN_UNREACHABLE_CODE = YES;
				CLANG_WARN__DUPLICATE_METHOD_MATCH = YES;
				COPY_PHASE_STRIP = NO;
				DEBUG_INFORMATION_FORMAT = dwarf;
				ENABLE_STRICT_OBJC_MSGSEND = YES;
				ENABLE_TESTABILITY = YES;
				GCC_C_LANGUAGE_STANDARD = gnu11;
				GCC_DYNAMIC_NO_PIC = NO;
				GCC_NO_COMMON_BLOCKS = YES;
				GCC_OPTIMIZATION_LEVEL = 0;
				GCC_PREPROCESSOR_DEFINITIONS = (
					"DEBUG=1",
					"$(inherited)",
				);
				GCC_WARN_64_TO_32_BIT_CONVERSION = YES;
				GCC_WARN_ABOUT_RETURN_TYPE = YES_ERROR;
				GCC_WARN_UNDECLARED_SELECTOR = YES;
				GCC_WARN_UNINITIALIZED_AUTOS = YES_AGGRESSIVE;
				GCC_WARN_UNUSED_FUNCTION = YES;
				GCC_WARN_UNUSED_VARIABLE = YES;
				IPHONEOS_DEPLOYMENT_TARGET = 13.2;
				MTL_ENABLE_DEBUG_INFO = INCLUDE_SOURCE;
				MTL_FAST_MATH = YES;
				ONLY_ACTIVE_ARCH = YES;
				SDKROOT = iphoneos;
				SWIFT_ACTIVE_COMPILATION_CONDITIONS = DEBUG;
				SWIFT_OPTIMIZATION_LEVEL = "-Onone";
			};
			name = Debug;
		};
		7A2817F22487BEEC001EC07C /* Release */ = {
			isa = XCBuildConfiguration;
			buildSettings = {
				ALWAYS_SEARCH_USER_PATHS = NO;
				CLANG_ANALYZER_NONNULL = YES;
				CLANG_ANALYZER_NUMBER_OBJECT_CONVERSION = YES_AGGRESSIVE;
				CLANG_CXX_LANGUAGE_STANDARD = "gnu++14";
				CLANG_CXX_LIBRARY = "libc++";
				CLANG_ENABLE_MODULES = YES;
				CLANG_ENABLE_OBJC_ARC = YES;
				CLANG_ENABLE_OBJC_WEAK = YES;
				CLANG_WARN_BLOCK_CAPTURE_AUTORELEASING = YES;
				CLANG_WARN_BOOL_CONVERSION = YES;
				CLANG_WARN_COMMA = YES;
				CLANG_WARN_CONSTANT_CONVERSION = YES;
				CLANG_WARN_DEPRECATED_OBJC_IMPLEMENTATIONS = YES;
				CLANG_WARN_DIRECT_OBJC_ISA_USAGE = YES_ERROR;
				CLANG_WARN_DOCUMENTATION_COMMENTS = YES;
				CLANG_WARN_EMPTY_BODY = YES;
				CLANG_WARN_ENUM_CONVERSION = YES;
				CLANG_WARN_INFINITE_RECURSION = YES;
				CLANG_WARN_INT_CONVERSION = YES;
				CLANG_WARN_NON_LITERAL_NULL_CONVERSION = YES;
				CLANG_WARN_OBJC_IMPLICIT_RETAIN_SELF = YES;
				CLANG_WARN_OBJC_LITERAL_CONVERSION = YES;
				CLANG_WARN_OBJC_ROOT_CLASS = YES_ERROR;
				CLANG_WARN_RANGE_LOOP_ANALYSIS = YES;
				CLANG_WARN_STRICT_PROTOTYPES = YES;
				CLANG_WARN_SUSPICIOUS_MOVE = YES;
				CLANG_WARN_UNGUARDED_AVAILABILITY = YES_AGGRESSIVE;
				CLANG_WARN_UNREACHABLE_CODE = YES;
				CLANG_WARN__DUPLICATE_METHOD_MATCH = YES;
				COPY_PHASE_STRIP = NO;
				DEBUG_INFORMATION_FORMAT = "dwarf-with-dsym";
				ENABLE_NS_ASSERTIONS = NO;
				ENABLE_STRICT_OBJC_MSGSEND = YES;
				GCC_C_LANGUAGE_STANDARD = gnu11;
				GCC_NO_COMMON_BLOCKS = YES;
				GCC_WARN_64_TO_32_BIT_CONVERSION = YES;
				GCC_WARN_ABOUT_RETURN_TYPE = YES_ERROR;
				GCC_WARN_UNDECLARED_SELECTOR = YES;
				GCC_WARN_UNINITIALIZED_AUTOS = YES_AGGRESSIVE;
				GCC_WARN_UNUSED_FUNCTION = YES;
				GCC_WARN_UNUSED_VARIABLE = YES;
				IPHONEOS_DEPLOYMENT_TARGET = 13.2;
				MTL_ENABLE_DEBUG_INFO = NO;
				MTL_FAST_MATH = YES;
				SDKROOT = iphoneos;
				SWIFT_COMPILATION_MODE = wholemodule;
				SWIFT_OPTIMIZATION_LEVEL = "-O";
				VALIDATE_PRODUCT = YES;
			};
			name = Release;
		};
		7A2817F42487BEEC001EC07C /* Debug */ = {
			isa = XCBuildConfiguration;
			baseConfigurationReference = 1DBA1219A0B53E48BA2E6B79 /* Pods-UITableApp.debug.xcconfig */;
			buildSettings = {
				ASSETCATALOG_COMPILER_APPICON_NAME = AppIcon;
				CODE_SIGN_STYLE = Automatic;
				DEVELOPMENT_TEAM = 754JYM9F2Z;
				INFOPLIST_FILE = UITableApp/Info.plist;
				IPHONEOS_DEPLOYMENT_TARGET = 13.2;
				LD_RUNPATH_SEARCH_PATHS = (
					"$(inherited)",
					"@executable_path/Frameworks",
				);
				PRODUCT_BUNDLE_IDENTIFIER = Nosachenko.UITableApp;
				PRODUCT_NAME = "$(TARGET_NAME)";
				SWIFT_VERSION = 5.0;
				TARGETED_DEVICE_FAMILY = "1,2";
			};
			name = Debug;
		};
		7A2817F52487BEEC001EC07C /* Release */ = {
			isa = XCBuildConfiguration;
			baseConfigurationReference = D4A5F53EA0C1D36BFE1AD0D8 /* Pods-UITableApp.release.xcconfig */;
			buildSettings = {
				ASSETCATALOG_COMPILER_APPICON_NAME = AppIcon;
				CODE_SIGN_STYLE = Automatic;
				DEVELOPMENT_TEAM = 754JYM9F2Z;
				INFOPLIST_FILE = UITableApp/Info.plist;
				IPHONEOS_DEPLOYMENT_TARGET = 13.2;
				LD_RUNPATH_SEARCH_PATHS = (
					"$(inherited)",
					"@executable_path/Frameworks",
				);
				PRODUCT_BUNDLE_IDENTIFIER = Nosachenko.UITableApp;
				PRODUCT_NAME = "$(TARGET_NAME)";
				SWIFT_VERSION = 5.0;
				TARGETED_DEVICE_FAMILY = "1,2";
			};
			name = Release;
		};
/* End XCBuildConfiguration section */

/* Begin XCConfigurationList section */
		7A2817DA2487BEEB001EC07C /* Build configuration list for PBXProject "UITableApp" */ = {
			isa = XCConfigurationList;
			buildConfigurations = (
				7A2817F12487BEEC001EC07C /* Debug */,
				7A2817F22487BEEC001EC07C /* Release */,
			);
			defaultConfigurationIsVisible = 0;
			defaultConfigurationName = Release;
		};
		7A2817F32487BEEC001EC07C /* Build configuration list for PBXNativeTarget "UITableApp" */ = {
			isa = XCConfigurationList;
			buildConfigurations = (
				7A2817F42487BEEC001EC07C /* Debug */,
				7A2817F52487BEEC001EC07C /* Release */,
			);
			defaultConfigurationIsVisible = 0;
			defaultConfigurationName = Release;
		};
/* End XCConfigurationList section */
	};
	rootObject = 7A2817D72487BEEB001EC07C /* Project object */;
}
