// !$*UTF8*$!
{
	archiveVersion = 1;
	classes = {
	};
	objectVersion = 50;
	objects = {

/* Begin PBXBuildFile section */
		7A101BD3248A66130009191E /* CustomTableViewCell.swift in Sources */ = {isa = PBXBuildFile; fileRef = 7A101BD2248A66130009191E /* CustomTableViewCell.swift */; };
		7A2817E32487BEEB001EC07C /* AppDelegate.swift in Sources */ = {isa = PBXBuildFile; fileRef = 7A2817E22487BEEB001EC07C /* AppDelegate.swift */; };
		7A2817E52487BEEB001EC07C /* SceneDelegate.swift in Sources */ = {isa = PBXBuildFile; fileRef = 7A2817E42487BEEB001EC07C /* SceneDelegate.swift */; };
		7A2817EA2487BEEB001EC07C /* Main.storyboard in Resources */ = {isa = PBXBuildFile; fileRef = 7A2817E82487BEEB001EC07C /* Main.storyboard */; };
		7A2817EC2487BEEC001EC07C /* Assets.xcassets in Resources */ = {isa = PBXBuildFile; fileRef = 7A2817EB2487BEEC001EC07C /* Assets.xcassets */; };
		7A2817EF2487BEEC001EC07C /* LaunchScreen.storyboard in Resources */ = {isa = PBXBuildFile; fileRef = 7A2817ED2487BEEC001EC07C /* LaunchScreen.storyboard */; };
		7A7AD38E24884E21006AE3FE /* MainViewController.swift in Sources */ = {isa = PBXBuildFile; fileRef = 7A7AD38D24884E21006AE3FE /* MainViewController.swift */; };
		7AC02A8D248AEEFA008E905A /* PlaceModel.swift in Sources */ = {isa = PBXBuildFile; fileRef = 7AC02A8C248AEEFA008E905A /* PlaceModel.swift */; };
/* End PBXBuildFile section */

/* Begin PBXFileReference section */
		7A101BD2248A66130009191E /* CustomTableViewCell.swift */ = {isa = PBXFileReference; lastKnownFileType = sourcecode.swift; path = CustomTableViewCell.swift; sourceTree = "<group>"; };
		7A2817DF2487BEEB001EC07C /* UITableApp.app */ = {isa = PBXFileReference; explicitFileType = wrapper.application; includeInIndex = 0; path = UITableApp.app; sourceTree = BUILT_PRODUCTS_DIR; };
		7A2817E22487BEEB001EC07C /* AppDelegate.swift */ = {isa = PBXFileReference; lastKnownFileType = sourcecode.swift; path = AppDelegate.swift; sourceTree = "<group>"; };
		7A2817E42487BEEB001EC07C /* SceneDelegate.swift */ = {isa = PBXFileReference; lastKnownFileType = sourcecode.swift; path = SceneDelegate.swift; sourceTree = "<group>"; };
		7A2817E92487BEEB001EC07C /* Base */ = {isa = PBXFileReference; lastKnownFileType = file.storyboard; name = Base; path = Base.lproj/Main.storyboard; sourceTree = "<group>"; };
		7A2817EB2487BEEC001EC07C /* Assets.xcassets */ = {isa = PBXFileReference; lastKnownFileType = folder.assetcatalog; path = Assets.xcassets; sourceTree = "<group>"; };
		7A2817EE2487BEEC001EC07C /* Base */ = {isa = PBXFileReference; lastKnownFileType = file.storyboard; name = Base; path = Base.lproj/LaunchScreen.storyboard; sourceTree = "<group>"; };
		7A2817F02487BEEC001EC07C /* Info.plist */ = {isa = PBXFileReference; lastKnownFileType = text.plist.xml; path = Info.plist; sourceTree = "<group>"; };
		7A7AD38D24884E21006AE3FE /* MainViewController.swift */ = {isa = PBXFileReference; lastKnownFileType = sourcecode.swift; path = MainViewController.swift; sourceTree = "<group>"; };
		7AC02A8C248AEEFA008E905A /* PlaceModel.swift */ = {isa = PBXFileReference; lastKnownFileType = sourcecode.swift; path = PlaceModel.swift; sourceTree = "<group>"; };
/* End PBXFileReference section */

/* Begin PBXFrameworksBuildPhase section */
		7A2817DC2487BEEB001EC07C /* Frameworks */ = {
			isa = PBXFrameworksBuildPhase;
			buildActionMask = 2147483647;
			files = (
			);
			runOnlyForDeploymentPostprocessing = 0;
		};
/* End PBXFrameworksBuildPhase section */

/* Begin PBXGroup section */
		7A2817D62487BEEB001EC07C = {
			isa = PBXGroup;
			children = (
				7A2817E12487BEEB001EC07C /* UITableApp */,
				7A2817E02487BEEB001EC07C /* Products */,
			);
			sourceTree = "<group>";
		};
		7A2817E02487BEEB001EC07C /* Products */ = {
			isa = PBXGroup;
			children = (
				7A2817DF2487BEEB001EC07C /* UITableApp.app */,
			);
			name = Products;
			sourceTree = "<group>";
		};
		7A2817E12487BEEB001EC07C /* UITableApp */ = {
			isa = PBXGroup;
			children = (
				7A2817E22487BEEB001EC07C /* AppDelegate.swift */,
				7A7AD38D24884E21006AE3FE /* MainViewController.swift */,
				7AC02A8C248AEEFA008E905A /* PlaceModel.swift */,
				7A101BD2248A66130009191E /* CustomTableViewCell.swift */,
				7A2817E42487BEEB001EC07C /* SceneDelegate.swift */,
				7A2817E82487BEEB001EC07C /* Main.storyboard */,
				7A2817EB2487BEEC001EC07C /* Assets.xcassets */,
				7A2817ED2487BEEC001EC07C /* LaunchScreen.storyboard */,
				7A2817F02487BEEC001EC07C /* Info.plist */,
			);
			path = UITableApp;
			sourceTree = "<group>";
		};
/* End PBXGroup section */

/* Begin PBXNativeTarget section */
		7A2817DE2487BEEB001EC07C /* UITableApp */ = {
			isa = PBXNativeTarget;
			buildConfigurationList = 7A2817F32487BEEC001EC07C /* Build configuration list for PBXNativeTarget "UITableApp" */;
			buildPhases = (
				7A2817DB2487BEEB001EC07C /* Sources */,
				7A2817DC2487BEEB001EC07C /* Frameworks */,
				7A2817DD2487BEEB001EC07C /* Resources */,
			);
			buildRules = (
			);
			dependencies = (
			);
			name = UITableApp;
			productName = UITableApp;
			productReference = 7A2817DF2487BEEB001EC07C /* UITableApp.app */;
			productType = "com.apple.product-type.application";
		};
/* End PBXNativeTarget section */

/* Begin PBXProject section */
		7A2817D72487BEEB001EC07C /* Project object */ = {
			isa = PBXProject;
			attributes = {
				LastSwiftUpdateCheck = 1120;
				LastUpgradeCheck = 1120;
				ORGANIZATIONNAME = yurik;
				TargetAttributes = {
					7A2817DE2487BEEB001EC07C = {
						CreatedOnToolsVersion = 11.2.1;
					};
				};
			};
			buildConfigurationList = 7A2817DA2487BEEB001EC07C /* Build configuration list for PBXProject "UITableApp" */;
			compatibilityVersion = "Xcode 9.3";
			developmentRegion = en;
			hasScannedForEncodings = 0;
			knownRegions = (
				en,
				Base,
			);
			mainGroup = 7A2817D62487BEEB001EC07C;
			productRefGroup = 7A2817E02487BEEB001EC07C /* Products */;
			projectDirPath = "";
			projectRoot = "";
			targets = (
				7A2817DE2487BEEB001EC07C /* UITableApp */,
			);
		};
/* End PBXProject section */

/* Begin PBXResourcesBuildPhase section */
		7A2817DD2487BEEB001EC07C /* Resources */ = {
			isa = PBXResourcesBuildPhase;
			buildActionMask = 2147483647;
			files = (
				7A2817EF2487BEEC001EC07C /* LaunchScreen.storyboard in Resources */,
				7A2817EC2487BEEC001EC07C /* Assets.xcassets in Resources */,
				7A2817EA2487BEEB001EC07C /* Main.storyboard in Resources */,
			);
			runOnlyForDeploymentPostprocessing = 0;
		};
/* End PBXResourcesBuildPhase section */

/* Begin PBXSourcesBuildPhase section */
		7A2817DB2487BEEB001EC07C /* Sources */ = {
			isa = PBXSourcesBuildPhase;
			buildActionMask = 2147483647;
			files = (
				7A7AD38E24884E21006AE3FE /* MainViewController.swift in Sources */,
				7A2817E32487BEEB001EC07C /* AppDelegate.swift in Sources */,
				7AC02A8D248AEEFA008E905A /* PlaceModel.swift in Sources */,
				7A101BD3248A66130009191E /* CustomTableViewCell.swift in Sources */,
				7A2817E52487BEEB001EC07C /* SceneDelegate.swift in Sources */,
			);
			runOnlyForDeploymentPostprocessing = 0;
		};
/* End PBXSourcesBuildPhase section */

/* Begin PBXVariantGroup section */
		7A2817E82487BEEB001EC07C /* Main.storyboard */ = {
			isa = PBXVariantGroup;
			children = (
				7A2817E92487BEEB001EC07C /* Base */,
			);
			name = Main.storyboard;
			sourceTree = "<group>";
		};
		7A2817ED2487BEEC001EC07C /* LaunchScreen.storyboard */ = {
			isa = PBXVariantGroup;
			children = (
				7A2817EE2487BEEC001EC07C /* Base */,
			);
			name = LaunchScreen.storyboard;
			sourceTree = "<group>";
		};
/* End PBXVariantGroup section */

/* Begin XCBuildConfiguration section */
		7A2817F12487BEEC001EC07C /* Debug */ = {
			isa = XCBuildConfiguration;
			buildSettings = {
				ALWAYS_SEARCH_USER_PATHS = NO;
				CLANG_ANALYZER_NONNULL = YES;
				CLANG_ANALYZER_NUMBER_OBJECT_CONVERSION = YES_AGGRESSIVE;
				CLANG_CXX_LANGUAGE_STANDARD = "gnu++14";
				CLANG_CXX_LIBRARY = "libc++";
				CLANG_ENABLE_MODULES = YES;
				CLANG_ENABLE_OBJC_ARC = YES;
				CLANG_ENABLE_OBJC_WEAK = YES;
				CLANG_WARN_BLOCK_CAPTURE_AUTORELEASING = YES;
				CLANG_WARN_BOOL_CONVERSION = YES;
				CLANG_WARN_COMMA = YES;
				CLANG_WARN_CONSTANT_CONVERSION = YES;
				CLANG_WARN_DEPRECATED_OBJC_IMPLEMENTATIONS = YES;
				CLANG_WARN_DIRECT_OBJC_ISA_USAGE = YES_ERROR;
				CLANG_WARN_DOCUMENTATION_COMMENTS = YES;
				CLANG_WARN_EMPTY_BODY = YES;
				CLANG_WARN_ENUM_CONVERSION = YES;
				CLANG_WARN_INFINITE_RECURSION = YES;
				CLANG_WARN_INT_CONVERSION = YES;
				CLANG_WARN_NON_LITERAL_NULL_CONVERSION = YES;
				CLANG_WARN_OBJC_IMPLICIT_RETAIN_SELF = YES;
				CLANG_WARN_OBJC_LITERAL_CONVERSION = YES;
				CLANG_WARN_OBJC_ROOT_CLASS = YES_ERROR;
				CLANG_WARN_RANGE_LOOP_ANALYSIS = YES;
				CLANG_WARN_STRICT_PROTOTYPES = YES;
				CLANG_WARN_SUSPICIOUS_MOVE = YES;
				CLANG_WARN_UNGUARDED_AVAILABILITY = YES_AGGRESSIVE;
				CLANG_WARN_UNREACHABLE_CODE = YES;
				CLANG_WARN__DUPLICATE_METHOD_MATCH = YES;
				COPY_PHASE_STRIP = NO;
				DEBUG_INFORMATION_FORMAT = dwarf;
				ENABLE_STRICT_OBJC_MSGSEND = YES;
				ENABLE_TESTABILITY = YES;
				GCC_C_LANGUAGE_STANDARD = gnu11;
				GCC_DYNAMIC_NO_PIC = NO;
				GCC_NO_COMMON_BLOCKS = YES;
				GCC_OPTIMIZATION_LEVEL = 0;
				GCC_PREPROCESSOR_DEFINITIONS = (
					"DEBUG=1",
					"$(inherited)",
				);
				GCC_WARN_64_TO_32_BIT_CONVERSION = YES;
				GCC_WARN_ABOUT_RETURN_TYPE = YES_ERROR;
				GCC_WARN_UNDECLARED_SELECTOR = YES;
				GCC_WARN_UNINITIALIZED_AUTOS = YES_AGGRESSIVE;
				GCC_WARN_UNUSED_FUNCTION = YES;
				GCC_WARN_UNUSED_VARIABLE = YES;
				IPHONEOS_DEPLOYMENT_TARGET = 13.2;
				MTL_ENABLE_DEBUG_INFO = INCLUDE_SOURCE;
				MTL_FAST_MATH = YES;
				ONLY_ACTIVE_ARCH = YES;
				SDKROOT = iphoneos;
				SWIFT_ACTIVE_COMPILATION_CONDITIONS = DEBUG;
				SWIFT_OPTIMIZATION_LEVEL = "-Onone";
			};
			name = Debug;
		};
		7A2817F22487BEEC001EC07C /* Release */ = {
			isa = XCBuildConfiguration;
			buildSettings = {
				ALWAYS_SEARCH_USER_PATHS = NO;
				CLANG_ANALYZER_NONNULL = YES;
				CLANG_ANALYZER_NUMBER_OBJECT_CONVERSION = YES_AGGRESSIVE;
				CLANG_CXX_LANGUAGE_STANDARD = "gnu++14";
				CLANG_CXX_LIBRARY = "libc++";
				CLANG_ENABLE_MODULES = YES;
				CLANG_ENABLE_OBJC_ARC = YES;
				CLANG_ENABLE_OBJC_WEAK = YES;
				CLANG_WARN_BLOCK_CAPTURE_AUTORELEASING = YES;
				CLANG_WARN_BOOL_CONVERSION = YES;
				CLANG_WARN_COMMA = YES;
				CLANG_WARN_CONSTANT_CONVERSION = YES;
				CLANG_WARN_DEPRECATED_OBJC_IMPLEMENTATIONS = YES;
				CLANG_WARN_DIRECT_OBJC_ISA_USAGE = YES_ERROR;
				CLANG_WARN_DOCUMENTATION_COMMENTS = YES;
				CLANG_WARN_EMPTY_BODY = YES;
				CLANG_WARN_ENUM_CONVERSION = YES;
				CLANG_WARN_INFINITE_RECURSION = YES;
				CLANG_WARN_INT_CONVERSION = YES;
				CLANG_WARN_NON_LITERAL_NULL_CONVERSION = YES;
				CLANG_WARN_OBJC_IMPLICIT_RETAIN_SELF = YES;
				CLANG_WARN_OBJC_LITERAL_CONVERSION = YES;
				CLANG_WARN_OBJC_ROOT_CLASS = YES_ERROR;
				CLANG_WARN_RANGE_LOOP_ANALYSIS = YES;
				CLANG_WARN_STRICT_PROTOTYPES = YES;
				CLANG_WARN_SUSPICIOUS_MOVE = YES;
				CLANG_WARN_UNGUARDED_AVAILABILITY = YES_AGGRESSIVE;
				CLANG_WARN_UNREACHABLE_CODE = YES;
				CLANG_WARN__DUPLICATE_METHOD_MATCH = YES;
				COPY_PHASE_STRIP = NO;
				DEBUG_INFORMATION_FORMAT = "dwarf-with-dsym";
				ENABLE_NS_ASSERTIONS = NO;
				ENABLE_STRICT_OBJC_MSGSEND = YES;
				GCC_C_LANGUAGE_STANDARD = gnu11;
				GCC_NO_COMMON_BLOCKS = YES;
				GCC_WARN_64_TO_32_BIT_CONVERSION = YES;
				GCC_WARN_ABOUT_RETURN_TYPE = YES_ERROR;
				GCC_WARN_UNDECLARED_SELECTOR = YES;
				GCC_WARN_UNINITIALIZED_AUTOS = YES_AGGRESSIVE;
				GCC_WARN_UNUSED_FUNCTION = YES;
				GCC_WARN_UNUSED_VARIABLE = YES;
				IPHONEOS_DEPLOYMENT_TARGET = 13.2;
				MTL_ENABLE_DEBUG_INFO = NO;
				MTL_FAST_MATH = YES;
				SDKROOT = iphoneos;
				SWIFT_COMPILATION_MODE = wholemodule;
				SWIFT_OPTIMIZATION_LEVEL = "-O";
				VALIDATE_PRODUCT = YES;
			};
			name = Release;
		};
		7A2817F42487BEEC001EC07C /* Debug */ = {
			isa = XCBuildConfiguration;
			buildSettings = {
				ASSETCATALOG_COMPILER_APPICON_NAME = AppIcon;
				CODE_SIGN_STYLE = Automatic;
				DEVELOPMENT_TEAM = 754JYM9F2Z;
				INFOPLIST_FILE = UITableApp/Info.plist;
				LD_RUNPATH_SEARCH_PATHS = (
					"$(inherited)",
					"@executable_path/Frameworks",
				);
				PRODUCT_BUNDLE_IDENTIFIER = Nosachenko.UITableApp;
				PRODUCT_NAME = "$(TARGET_NAME)";
				SWIFT_VERSION = 5.0;
				TARGETED_DEVICE_FAMILY = "1,2";
			};
			name = Debug;
		};
		7A2817F52487BEEC001EC07C /* Release */ = {
			isa = XCBuildConfiguration;
			buildSettings = {
				ASSETCATALOG_COMPILER_APPICON_NAME = AppIcon;
				CODE_SIGN_STYLE = Automatic;
				DEVELOPMENT_TEAM = 754JYM9F2Z;
				INFOPLIST_FILE = UITableApp/Info.plist;
				LD_RUNPATH_SEARCH_PATHS = (
					"$(inherited)",
					"@executable_path/Frameworks",
				);
				PRODUCT_BUNDLE_IDENTIFIER = Nosachenko.UITableApp;
				PRODUCT_NAME = "$(TARGET_NAME)";
				SWIFT_VERSION = 5.0;
				TARGETED_DEVICE_FAMILY = "1,2";
			};
			name = Release;
		};
/* End XCBuildConfiguration section */

/* Begin XCConfigurationList section */
		7A2817DA2487BEEB001EC07C /* Build configuration list for PBXProject "UITableApp" */ = {
			isa = XCConfigurationList;
			buildConfigurations = (
				7A2817F12487BEEC001EC07C /* Debug */,
				7A2817F22487BEEC001EC07C /* Release */,
			);
			defaultConfigurationIsVisible = 0;
			defaultConfigurationName = Release;
		};
		7A2817F32487BEEC001EC07C /* Build configuration list for PBXNativeTarget "UITableApp" */ = {
			isa = XCConfigurationList;
			buildConfigurations = (
				7A2817F42487BEEC001EC07C /* Debug */,
				7A2817F52487BEEC001EC07C /* Release */,
			);
			defaultConfigurationIsVisible = 0;
			defaultConfigurationName = Release;
		};
/* End XCConfigurationList section */
	};
	rootObject = 7A2817D72487BEEB001EC07C /* Project object */;
}
